PODS:
  - Alamofire (3.3.1)
  - AlamofireImage (2.4.0):
    - Alamofire (~> 3.3)
  - ScrollPager (0.5)

DEPENDENCIES:
  - AlamofireImage
  - ScrollPager

SPEC CHECKSUMS:
  Alamofire: 369bc67b6f5ac33ded3648d7bd21c5bfb91c2ecc
  AlamofireImage: 87408b652e0f5ae5fe364035f15aea8b9b24c77e
  ScrollPager: 2a90f1279a7a87cfadb761c63d9d2660727da838

PODFILE CHECKSUM: 0d5efaa44ee73c5b14e807d58a8aa1e5f8fb889f

COCOAPODS: 1.0.0.beta.6
